
Microsoft Visual Studio Solution File, Format Version 12.00
# Visual Studio Version 17
VisualStudioVersion = 17.11.35327.3
MinimumVisualStudioVersion = 10.0.40219.1
Project("{FAE04EC0-301F-11D3-BF4B-00C04F79EFBC}") = "Ex006", "Ex006.csproj", "{F8B3F90B-CB7C-4DE2-AB7B-6C9EB3C494F7}"
EndProject
Global
	GlobalSection(SolutionConfigurationPlatforms) = preSolution
		Debug|Any CPU = Debug|Any CPU
		Release|Any CPU = Release|Any CPU
	EndGlobalSection
	GlobalSection(ProjectConfigurationPlatforms) = postSolution
		{F8B3F90B-CB7C-4DE2-AB7B-6C9EB3C494F7}.Debug|Any CPU.ActiveCfg = Debug|Any CPU
		{F8B3F90B-CB7C-4DE2-AB7B-6C9EB3C494F7}.Debug|Any CPU.Build.0 = Debug|Any CPU
		{F8B3F90B-CB7C-4DE2-AB7B-6C9EB3C494F7}.Release|Any CPU.ActiveCfg = Release|Any CPU
		{F8B3F90B-CB7C-4DE2-AB7B-6C9EB3C494F7}.Release|Any CPU.Build.0 = Release|Any CPU
	EndGlobalSection
	GlobalSection(SolutionProperties) = preSolution
		HideSolutionNode = FALSE
	EndGlobalSection
	GlobalSection(ExtensibilityGlobals) = postSolution
		SolutionGuid = {FE0F9572-CF11-4A84-A861-4B873048B111}
	EndGlobalSection
EndGlobal
