
Microsoft Visual Studio Solution File, Format Version 12.00
# Visual Studio Version 17
VisualStudioVersion = 17.11.35327.3
MinimumVisualStudioVersion = 10.0.40219.1
Project("{FAE04EC0-301F-11D3-BF4B-00C04F79EFBC}") = "Ex018", "Ex018.csproj", "{1DDE3CA6-F493-44E6-8F45-744C11E9895D}"
EndProject
Global
	GlobalSection(SolutionConfigurationPlatforms) = preSolution
		Debug|Any CPU = Debug|Any CPU
		Release|Any CPU = Release|Any CPU
	EndGlobalSection
	GlobalSection(ProjectConfigurationPlatforms) = postSolution
		{1DDE3CA6-F493-44E6-8F45-744C11E9895D}.Debug|Any CPU.ActiveCfg = Debug|Any CPU
		{1DDE3CA6-F493-44E6-8F45-744C11E9895D}.Debug|Any CPU.Build.0 = Debug|Any CPU
		{1DDE3CA6-F493-44E6-8F45-744C11E9895D}.Release|Any CPU.ActiveCfg = Release|Any CPU
		{1DDE3CA6-F493-44E6-8F45-744C11E9895D}.Release|Any CPU.Build.0 = Release|Any CPU
	EndGlobalSection
	GlobalSection(SolutionProperties) = preSolution
		HideSolutionNode = FALSE
	EndGlobalSection
	GlobalSection(ExtensibilityGlobals) = postSolution
		SolutionGuid = {AAEB1F1D-AC7E-44E4-BA35-751C36937DE5}
	EndGlobalSection
EndGlobal
