
Microsoft Visual Studio Solution File, Format Version 12.00
# Visual Studio Version 17
VisualStudioVersion = 17.11.35327.3
MinimumVisualStudioVersion = 10.0.40219.1
Project("{FAE04EC0-301F-11D3-BF4B-00C04F79EFBC}") = "Ex017", "Ex017.csproj", "{96A45425-8097-4892-8916-B196437B50AD}"
EndProject
Global
	GlobalSection(SolutionConfigurationPlatforms) = preSolution
		Debug|Any CPU = Debug|Any CPU
		Release|Any CPU = Release|Any CPU
	EndGlobalSection
	GlobalSection(ProjectConfigurationPlatforms) = postSolution
		{96A45425-8097-4892-8916-B196437B50AD}.Debug|Any CPU.ActiveCfg = Debug|Any CPU
		{96A45425-8097-4892-8916-B196437B50AD}.Debug|Any CPU.Build.0 = Debug|Any CPU
		{96A45425-8097-4892-8916-B196437B50AD}.Release|Any CPU.ActiveCfg = Release|Any CPU
		{96A45425-8097-4892-8916-B196437B50AD}.Release|Any CPU.Build.0 = Release|Any CPU
	EndGlobalSection
	GlobalSection(SolutionProperties) = preSolution
		HideSolutionNode = FALSE
	EndGlobalSection
	GlobalSection(ExtensibilityGlobals) = postSolution
		SolutionGuid = {6875385C-4E4B-472E-B710-DA05283BF155}
	EndGlobalSection
EndGlobal
